
Microsoft Visual Studio Solution File, Format Version 12.00
# Visual Studio Version 17
VisualStudioVersion = 17.3.32811.315
MinimumVisualStudioVersion = 10.0.40219.1
Project("{9A19103F-16F7-4668-BE54-9A1E7A4F7556}") = "VetoPro", "VetoPro\VetoPro.csproj", "{EBFA8512-1EA5-4D8C-B4AC-AB5B48A6D568}"
EndProject
Project("{9A19103F-16F7-4668-BE54-9A1E7A4F7556}") = "VetoPro.Desktop", "VetoPro.Desktop\VetoPro.Desktop.csproj", "{ABC31E74-02FF-46EB-B3B2-4E6AE43B456C}"
EndProject
Project("{9A19103F-16F7-4668-BE54-9A1E7A4F7556}") = "VetoPro.Browser", "VetoPro.Browser\VetoPro.Browser.csproj", "{1C1A049E-235C-4CD0-B6FA-D53AC418F4DA}"
EndProject
Project("{9A19103F-16F7-4668-BE54-9A1E7A4F7556}") = "VetoPro.iOS", "VetoPro.iOS\VetoPro.iOS.csproj", "{EBD9022F-BC83-4846-9A11-6F7F3772DC64}"
EndProject
Project("{9A19103F-16F7-4668-BE54-9A1E7A4F7556}") = "VetoPro.Android", "VetoPro.Android\VetoPro.Android.csproj", "{7AD1DAC8-7FBE-49D5-8614-7321233DB82E}"
EndProject
Project("{2150E333-8FDC-42A3-9474-1A3956D46DE8}") = "Solution Items", "Solution Items", "{3DA99C4E-89E3-4049-9C22-0A7EC60D83D8}"
	ProjectSection(SolutionItems) = preProject
		Directory.Packages.props = Directory.Packages.props
	EndProjectSection
EndProject
Project("{FAE04EC0-301F-11D3-BF4B-00C04F79EFBC}") = "VetoPro.Api", "VetoPro.Api\VetoPro.Api.csproj", "{3F96C50D-7D6D-43FE-8D72-98C3E64B037D}"
EndProject
Project("{FAE04EC0-301F-11D3-BF4B-00C04F79EFBC}") = "VetoPro.Contracts", "VetoPro.Contracts\VetoPro.Contracts.csproj", "{86F81DC7-98CD-4AB1-9731-E345B0535A6A}"
EndProject
Global
	GlobalSection(SolutionConfigurationPlatforms) = preSolution
		Debug|Any CPU = Debug|Any CPU
		Debug|x64 = Debug|x64
		Debug|x86 = Debug|x86
		Release|Any CPU = Release|Any CPU
		Release|x64 = Release|x64
		Release|x86 = Release|x86
	EndGlobalSection
	GlobalSection(ProjectConfigurationPlatforms) = postSolution
		{EBFA8512-1EA5-4D8C-B4AC-AB5B48A6D568}.Debug|Any CPU.ActiveCfg = Debug|Any CPU
		{EBFA8512-1EA5-4D8C-B4AC-AB5B48A6D568}.Debug|Any CPU.Build.0 = Debug|Any CPU
		{EBFA8512-1EA5-4D8C-B4AC-AB5B48A6D568}.Debug|x64.ActiveCfg = Debug|Any CPU
		{EBFA8512-1EA5-4D8C-B4AC-AB5B48A6D568}.Debug|x64.Build.0 = Debug|Any CPU
		{EBFA8512-1EA5-4D8C-B4AC-AB5B48A6D568}.Debug|x86.ActiveCfg = Debug|Any CPU
		{EBFA8512-1EA5-4D8C-B4AC-AB5B48A6D568}.Debug|x86.Build.0 = Debug|Any CPU
		{EBFA8512-1EA5-4D8C-B4AC-AB5B48A6D568}.Release|Any CPU.ActiveCfg = Release|Any CPU
		{EBFA8512-1EA5-4D8C-B4AC-AB5B48A6D568}.Release|Any CPU.Build.0 = Release|Any CPU
		{EBFA8512-1EA5-4D8C-B4AC-AB5B48A6D568}.Release|x64.ActiveCfg = Release|Any CPU
		{EBFA8512-1EA5-4D8C-B4AC-AB5B48A6D568}.Release|x64.Build.0 = Release|Any CPU
		{EBFA8512-1EA5-4D8C-B4AC-AB5B48A6D568}.Release|x86.ActiveCfg = Release|Any CPU
		{EBFA8512-1EA5-4D8C-B4AC-AB5B48A6D568}.Release|x86.Build.0 = Release|Any CPU
		{ABC31E74-02FF-46EB-B3B2-4E6AE43B456C}.Debug|Any CPU.ActiveCfg = Debug|Any CPU
		{ABC31E74-02FF-46EB-B3B2-4E6AE43B456C}.Debug|Any CPU.Build.0 = Debug|Any CPU
		{ABC31E74-02FF-46EB-B3B2-4E6AE43B456C}.Debug|x64.ActiveCfg = Debug|Any CPU
		{ABC31E74-02FF-46EB-B3B2-4E6AE43B456C}.Debug|x64.Build.0 = Debug|Any CPU
		{ABC31E74-02FF-46EB-B3B2-4E6AE43B456C}.Debug|x86.ActiveCfg = Debug|Any CPU
		{ABC31E74-02FF-46EB-B3B2-4E6AE43B456C}.Debug|x86.Build.0 = Debug|Any CPU
		{ABC31E74-02FF-46EB-B3B2-4E6AE43B456C}.Release|Any CPU.ActiveCfg = Release|Any CPU
		{ABC31E74-02FF-46EB-B3B2-4E6AE43B456C}.Release|Any CPU.Build.0 = Release|Any CPU
		{ABC31E74-02FF-46EB-B3B2-4E6AE43B456C}.Release|x64.ActiveCfg = Release|Any CPU
		{ABC31E74-02FF-46EB-B3B2-4E6AE43B456C}.Release|x64.Build.0 = Release|Any CPU
		{ABC31E74-02FF-46EB-B3B2-4E6AE43B456C}.Release|x86.ActiveCfg = Release|Any CPU
		{ABC31E74-02FF-46EB-B3B2-4E6AE43B456C}.Release|x86.Build.0 = Release|Any CPU
		{1C1A049E-235C-4CD0-B6FA-D53AC418F4DA}.Debug|Any CPU.ActiveCfg = Debug|Any CPU
		{1C1A049E-235C-4CD0-B6FA-D53AC418F4DA}.Debug|Any CPU.Build.0 = Debug|Any CPU
		{1C1A049E-235C-4CD0-B6FA-D53AC418F4DA}.Debug|x64.ActiveCfg = Debug|Any CPU
		{1C1A049E-235C-4CD0-B6FA-D53AC418F4DA}.Debug|x64.Build.0 = Debug|Any CPU
		{1C1A049E-235C-4CD0-B6FA-D53AC418F4DA}.Debug|x86.ActiveCfg = Debug|Any CPU
		{1C1A049E-235C-4CD0-B6FA-D53AC418F4DA}.Debug|x86.Build.0 = Debug|Any CPU
		{1C1A049E-235C-4CD0-B6FA-D53AC418F4DA}.Release|Any CPU.ActiveCfg = Release|Any CPU
		{1C1A049E-235C-4CD0-B6FA-D53AC418F4DA}.Release|Any CPU.Build.0 = Release|Any CPU
		{1C1A049E-235C-4CD0-B6FA-D53AC418F4DA}.Release|x64.ActiveCfg = Release|Any CPU
		{1C1A049E-235C-4CD0-B6FA-D53AC418F4DA}.Release|x64.Build.0 = Release|Any CPU
		{1C1A049E-235C-4CD0-B6FA-D53AC418F4DA}.Release|x86.ActiveCfg = Release|Any CPU
		{1C1A049E-235C-4CD0-B6FA-D53AC418F4DA}.Release|x86.Build.0 = Release|Any CPU
		{EBD9022F-BC83-4846-9A11-6F7F3772DC64}.Debug|Any CPU.ActiveCfg = Debug|Any CPU
		{EBD9022F-BC83-4846-9A11-6F7F3772DC64}.Debug|Any CPU.Build.0 = Debug|Any CPU
		{EBD9022F-BC83-4846-9A11-6F7F3772DC64}.Debug|x64.ActiveCfg = Debug|Any CPU
		{EBD9022F-BC83-4846-9A11-6F7F3772DC64}.Debug|x64.Build.0 = Debug|Any CPU
		{EBD9022F-BC83-4846-9A11-6F7F3772DC64}.Debug|x86.ActiveCfg = Debug|Any CPU
		{EBD9022F-BC83-4846-9A11-6F7F3772DC64}.Debug|x86.Build.0 = Debug|Any CPU
		{EBD9022F-BC83-4846-9A11-6F7F3772DC64}.Release|Any CPU.ActiveCfg = Release|Any CPU
		{EBD9022F-BC83-4846-9A11-6F7F3772DC64}.Release|Any CPU.Build.0 = Release|Any CPU
		{EBD9022F-BC83-4846-9A11-6F7F3772DC64}.Release|x64.ActiveCfg = Release|Any CPU
		{EBD9022F-BC83-4846-9A11-6F7F3772DC64}.Release|x64.Build.0 = Release|Any CPU
		{EBD9022F-BC83-4846-9A11-6F7F3772DC64}.Release|x86.ActiveCfg = Release|Any CPU
		{EBD9022F-BC83-4846-9A11-6F7F3772DC64}.Release|x86.Build.0 = Release|Any CPU
		{7AD1DAC8-7FBE-49D5-8614-7321233DB82E}.Debug|Any CPU.ActiveCfg = Debug|Any CPU
		{7AD1DAC8-7FBE-49D5-8614-7321233DB82E}.Debug|Any CPU.Build.0 = Debug|Any CPU
		{7AD1DAC8-7FBE-49D5-8614-7321233DB82E}.Debug|x64.ActiveCfg = Debug|Any CPU
		{7AD1DAC8-7FBE-49D5-8614-7321233DB82E}.Debug|x64.Build.0 = Debug|Any CPU
		{7AD1DAC8-7FBE-49D5-8614-7321233DB82E}.Debug|x86.ActiveCfg = Debug|Any CPU
		{7AD1DAC8-7FBE-49D5-8614-7321233DB82E}.Debug|x86.Build.0 = Debug|Any CPU
		{7AD1DAC8-7FBE-49D5-8614-7321233DB82E}.Release|Any CPU.ActiveCfg = Release|Any CPU
		{7AD1DAC8-7FBE-49D5-8614-7321233DB82E}.Release|Any CPU.Build.0 = Release|Any CPU
		{7AD1DAC8-7FBE-49D5-8614-7321233DB82E}.Release|x64.ActiveCfg = Release|Any CPU
		{7AD1DAC8-7FBE-49D5-8614-7321233DB82E}.Release|x64.Build.0 = Release|Any CPU
		{7AD1DAC8-7FBE-49D5-8614-7321233DB82E}.Release|x86.ActiveCfg = Release|Any CPU
		{7AD1DAC8-7FBE-49D5-8614-7321233DB82E}.Release|x86.Build.0 = Release|Any CPU
		{3F96C50D-7D6D-43FE-8D72-98C3E64B037D}.Debug|Any CPU.ActiveCfg = Debug|Any CPU
		{3F96C50D-7D6D-43FE-8D72-98C3E64B037D}.Debug|Any CPU.Build.0 = Debug|Any CPU
		{3F96C50D-7D6D-43FE-8D72-98C3E64B037D}.Debug|x64.ActiveCfg = Debug|Any CPU
		{3F96C50D-7D6D-43FE-8D72-98C3E64B037D}.Debug|x64.Build.0 = Debug|Any CPU
		{3F96C50D-7D6D-43FE-8D72-98C3E64B037D}.Debug|x86.ActiveCfg = Debug|Any CPU
		{3F96C50D-7D6D-43FE-8D72-98C3E64B037D}.Debug|x86.Build.0 = Debug|Any CPU
		{3F96C50D-7D6D-43FE-8D72-98C3E64B037D}.Release|Any CPU.ActiveCfg = Release|Any CPU
		{3F96C50D-7D6D-43FE-8D72-98C3E64B037D}.Release|Any CPU.Build.0 = Release|Any CPU
		{3F96C50D-7D6D-43FE-8D72-98C3E64B037D}.Release|x64.ActiveCfg = Release|Any CPU
		{3F96C50D-7D6D-43FE-8D72-98C3E64B037D}.Release|x64.Build.0 = Release|Any CPU
		{3F96C50D-7D6D-43FE-8D72-98C3E64B037D}.Release|x86.ActiveCfg = Release|Any CPU
		{3F96C50D-7D6D-43FE-8D72-98C3E64B037D}.Release|x86.Build.0 = Release|Any CPU
		{86F81DC7-98CD-4AB1-9731-E345B0535A6A}.Debug|Any CPU.ActiveCfg = Debug|Any CPU
		{86F81DC7-98CD-4AB1-9731-E345B0535A6A}.Debug|Any CPU.Build.0 = Debug|Any CPU
		{86F81DC7-98CD-4AB1-9731-E345B0535A6A}.Debug|x64.ActiveCfg = Debug|Any CPU
		{86F81DC7-98CD-4AB1-9731-E345B0535A6A}.Debug|x64.Build.0 = Debug|Any CPU
		{86F81DC7-98CD-4AB1-9731-E345B0535A6A}.Debug|x86.ActiveCfg = Debug|Any CPU
		{86F81DC7-98CD-4AB1-9731-E345B0535A6A}.Debug|x86.Build.0 = Debug|Any CPU
		{86F81DC7-98CD-4AB1-9731-E345B0535A6A}.Release|Any CPU.ActiveCfg = Release|Any CPU
		{86F81DC7-98CD-4AB1-9731-E345B0535A6A}.Release|Any CPU.Build.0 = Release|Any CPU
		{86F81DC7-98CD-4AB1-9731-E345B0535A6A}.Release|x64.ActiveCfg = Release|Any CPU
		{86F81DC7-98CD-4AB1-9731-E345B0535A6A}.Release|x64.Build.0 = Release|Any CPU
		{86F81DC7-98CD-4AB1-9731-E345B0535A6A}.Release|x86.ActiveCfg = Release|Any CPU
		{86F81DC7-98CD-4AB1-9731-E345B0535A6A}.Release|x86.Build.0 = Release|Any CPU
	EndGlobalSection
	GlobalSection(SolutionProperties) = preSolution
		HideSolutionNode = FALSE
	EndGlobalSection
	GlobalSection(ExtensibilityGlobals) = postSolution
		SolutionGuid = {83CB65B8-011F-4ED7-BCD3-A6CFA935EF7E}
	EndGlobalSection
EndGlobal
